
Microsoft Visual Studio Solution File, Format Version 12.00
# Visual Studio 15
VisualStudioVersion = 15.0.28010.2026
MinimumVisualStudioVersion = 10.0.40219.1
Project("{FAE04EC0-301F-11D3-BF4B-00C04F79EFBC}") = "PenetrationShell", "PenetrationShell\PenetrationShell.csproj", "{7276899C-5E35-49F2-BEDB-E3CAD7B646D0}"
EndProject
Global
	GlobalSection(SolutionConfigurationPlatforms) = preSolution
		Debug|Any CPU = Debug|Any CPU
		Release|Any CPU = Release|Any CPU
	EndGlobalSection
	GlobalSection(ProjectConfigurationPlatforms) = postSolution
		{7276899C-5E35-49F2-BEDB-E3CAD7B646D0}.Debug|Any CPU.ActiveCfg = Debug|Any CPU
		{7276899C-5E35-49F2-BEDB-E3CAD7B646D0}.Debug|Any CPU.Build.0 = Debug|Any CPU
		{7276899C-5E35-49F2-BEDB-E3CAD7B646D0}.Release|Any CPU.ActiveCfg = Release|Any CPU
		{7276899C-5E35-49F2-BEDB-E3CAD7B646D0}.Release|Any CPU.Build.0 = Release|Any CPU
	EndGlobalSection
	GlobalSection(SolutionProperties) = preSolution
		HideSolutionNode = FALSE
	EndGlobalSection
	GlobalSection(ExtensibilityGlobals) = postSolution
		SolutionGuid = {325BEBCA-7754-4B06-8238-46152B623503}
	EndGlobalSection
EndGlobal
